// !$*UTF8*$!
{
	archiveVersion = 1;
	classes = {
	};
	objectVersion = 56;
	objects = {

/* Begin PBXBuildFile section */
		6A7C8CF12BA2E5AF00B2872B /* Animation01App.swift in Sources */ = {isa = PBXBuildFile; fileRef = 6A7C8CF02BA2E5AF00B2872B /* Animation01App.swift */; };
		6A7C8CF32BA2E5AF00B2872B /* ContentView.swift in Sources */ = {isa = PBXBuildFile; fileRef = 6A7C8CF22BA2E5AF00B2872B /* ContentView.swift */; };
		6A7C8CF52BA2E5B000B2872B /* Assets.xcassets in Resources */ = {isa = PBXBuildFile; fileRef = 6A7C8CF42BA2E5B000B2872B /* Assets.xcassets */; };
		6A7C8CF82BA2E5B000B2872B /* Preview Assets.xcassets in Resources */ = {isa = PBXBuildFile; fileRef = 6A7C8CF72BA2E5B000B2872B /* Preview Assets.xcassets */; };
		6A7C8D022BA2E5B000B2872B /* Animation01Tests.swift in Sources */ = {isa = PBXBuildFile; fileRef = 6A7C8D012BA2E5B000B2872B /* Animation01Tests.swift */; };
		6A7C8D0C2BA2E5B000B2872B /* Animation01UITests.swift in Sources */ = {isa = PBXBuildFile; fileRef = 6A7C8D0B2BA2E5B000B2872B /* Animation01UITests.swift */; };
		6A7C8D0E2BA2E5B000B2872B /* Animation01UITestsLaunchTests.swift in Sources */ = {isa = PBXBuildFile; fileRef = 6A7C8D0D2BA2E5B000B2872B /* Animation01UITestsLaunchTests.swift */; };
		6A7C8D1B2BA2E66400B2872B /* LaunchScreen.swift in Sources */ = {isa = PBXBuildFile; fileRef = 6A7C8D1A2BA2E66400B2872B /* LaunchScreen.swift */; };
		6A7C8D2B2BA2EB0E00B2872B /* CardView.swift in Sources */ = {isa = PBXBuildFile; fileRef = 6A7C8D272BA2EB0E00B2872B /* CardView.swift */; };
		6A7C8D2C2BA2EB0E00B2872B /* Background.sks in Resources */ = {isa = PBXBuildFile; fileRef = 6A7C8D292BA2EB0E00B2872B /* Background.sks */; };
		6A7C8D2D2BA2EB0E00B2872B /* BackgroundScene.swift in Sources */ = {isa = PBXBuildFile; fileRef = 6A7C8D2A2BA2EB0E00B2872B /* BackgroundScene.swift */; };
		6A7C8D352BA2EBC800B2872B /* GameScene.swift in Sources */ = {isa = PBXBuildFile; fileRef = 6A7C8D322BA2EBC800B2872B /* GameScene.swift */; };
		6A7C8D372BA2EBDA00B2872B /* GameView.swift in Sources */ = {isa = PBXBuildFile; fileRef = 6A7C8D362BA2EBDA00B2872B /* GameView.swift */; };
		6A7C8D3A2BA2EE0000B2872B /* StoryView.swift in Sources */ = {isa = PBXBuildFile; fileRef = 6A7C8D392BA2EE0000B2872B /* StoryView.swift */; };
		6AF335AB2BA4291700DB5C6A /* CanvasView.swift in Sources */ = {isa = PBXBuildFile; fileRef = 6AF335AA2BA4291700DB5C6A /* CanvasView.swift */; };
		6AF335AD2BA4295F00DB5C6A /* DrawCatView.swift in Sources */ = {isa = PBXBuildFile; fileRef = 6AF335AC2BA4295F00DB5C6A /* DrawCatView.swift */; };
/* End PBXBuildFile section */

/* Begin PBXContainerItemProxy section */
		6A7C8CFE2BA2E5B000B2872B /* PBXContainerItemProxy */ = {
			isa = PBXContainerItemProxy;
			containerPortal = 6A7C8CE52BA2E5AE00B2872B /* Project object */;
			proxyType = 1;
			remoteGlobalIDString = 6A7C8CEC2BA2E5AF00B2872B;
			remoteInfo = Animation01;
		};
		6A7C8D082BA2E5B000B2872B /* PBXContainerItemProxy */ = {
			isa = PBXContainerItemProxy;
			containerPortal = 6A7C8CE52BA2E5AE00B2872B /* Project object */;
			proxyType = 1;
			remoteGlobalIDString = 6A7C8CEC2BA2E5AF00B2872B;
			remoteInfo = Animation01;
		};
/* End PBXContainerItemProxy section */

/* Begin PBXFileReference section */
		6A7C8CED2BA2E5AF00B2872B /* Animation01.app */ = {isa = PBXFileReference; explicitFileType = wrapper.application; includeInIndex = 0; path = Animation01.app; sourceTree = BUILT_PRODUCTS_DIR; };
		6A7C8CF02BA2E5AF00B2872B /* Animation01App.swift */ = {isa = PBXFileReference; lastKnownFileType = sourcecode.swift; path = Animation01App.swift; sourceTree = "<group>"; };
		6A7C8CF22BA2E5AF00B2872B /* ContentView.swift */ = {isa = PBXFileReference; lastKnownFileType = sourcecode.swift; path = ContentView.swift; sourceTree = "<group>"; };
		6A7C8CF42BA2E5B000B2872B /* Assets.xcassets */ = {isa = PBXFileReference; lastKnownFileType = folder.assetcatalog; path = Assets.xcassets; sourceTree = "<group>"; };
		6A7C8CF72BA2E5B000B2872B /* Preview Assets.xcassets */ = {isa = PBXFileReference; lastKnownFileType = folder.assetcatalog; path = "Preview Assets.xcassets"; sourceTree = "<group>"; };
		6A7C8CFD2BA2E5B000B2872B /* Animation01Tests.xctest */ = {isa = PBXFileReference; explicitFileType = wrapper.cfbundle; includeInIndex = 0; path = Animation01Tests.xctest; sourceTree = BUILT_PRODUCTS_DIR; };
		6A7C8D012BA2E5B000B2872B /* Animation01Tests.swift */ = {isa = PBXFileReference; lastKnownFileType = sourcecode.swift; path = Animation01Tests.swift; sourceTree = "<group>"; };
		6A7C8D072BA2E5B000B2872B /* Animation01UITests.xctest */ = {isa = PBXFileReference; explicitFileType = wrapper.cfbundle; includeInIndex = 0; path = Animation01UITests.xctest; sourceTree = BUILT_PRODUCTS_DIR; };
		6A7C8D0B2BA2E5B000B2872B /* Animation01UITests.swift */ = {isa = PBXFileReference; lastKnownFileType = sourcecode.swift; path = Animation01UITests.swift; sourceTree = "<group>"; };
		6A7C8D0D2BA2E5B000B2872B /* Animation01UITestsLaunchTests.swift */ = {isa = PBXFileReference; lastKnownFileType = sourcecode.swift; path = Animation01UITestsLaunchTests.swift; sourceTree = "<group>"; };
		6A7C8D1A2BA2E66400B2872B /* LaunchScreen.swift */ = {isa = PBXFileReference; lastKnownFileType = sourcecode.swift; path = LaunchScreen.swift; sourceTree = "<group>"; };
		6A7C8D272BA2EB0E00B2872B /* CardView.swift */ = {isa = PBXFileReference; fileEncoding = 4; lastKnownFileType = sourcecode.swift; path = CardView.swift; sourceTree = "<group>"; };
		6A7C8D292BA2EB0E00B2872B /* Background.sks */ = {isa = PBXFileReference; lastKnownFileType = file.sks; path = Background.sks; sourceTree = "<group>"; };
		6A7C8D2A2BA2EB0E00B2872B /* BackgroundScene.swift */ = {isa = PBXFileReference; fileEncoding = 4; lastKnownFileType = sourcecode.swift; path = BackgroundScene.swift; sourceTree = "<group>"; };
		6A7C8D322BA2EBC800B2872B /* GameScene.swift */ = {isa = PBXFileReference; fileEncoding = 4; lastKnownFileType = sourcecode.swift; path = GameScene.swift; sourceTree = "<group>"; };
		6A7C8D362BA2EBDA00B2872B /* GameView.swift */ = {isa = PBXFileReference; lastKnownFileType = sourcecode.swift; path = GameView.swift; sourceTree = "<group>"; };
		6A7C8D392BA2EE0000B2872B /* StoryView.swift */ = {isa = PBXFileReference; lastKnownFileType = sourcecode.swift; path = StoryView.swift; sourceTree = "<group>"; };
		6AF335AA2BA4291700DB5C6A /* CanvasView.swift */ = {isa = PBXFileReference; lastKnownFileType = sourcecode.swift; path = CanvasView.swift; sourceTree = "<group>"; };
		6AF335AC2BA4295F00DB5C6A /* DrawCatView.swift */ = {isa = PBXFileReference; lastKnownFileType = sourcecode.swift; path = DrawCatView.swift; sourceTree = "<group>"; };
/* End PBXFileReference section */

/* Begin PBXFrameworksBuildPhase section */
		6A7C8CEA2BA2E5AF00B2872B /* Frameworks */ = {
			isa = PBXFrameworksBuildPhase;
			buildActionMask = 2147483647;
			files = (
			);
			runOnlyForDeploymentPostprocessing = 0;
		};
		6A7C8CFA2BA2E5B000B2872B /* Frameworks */ = {
			isa = PBXFrameworksBuildPhase;
			buildActionMask = 2147483647;
			files = (
			);
			runOnlyForDeploymentPostprocessing = 0;
		};
		6A7C8D042BA2E5B000B2872B /* Frameworks */ = {
			isa = PBXFrameworksBuildPhase;
			buildActionMask = 2147483647;
			files = (
			);
			runOnlyForDeploymentPostprocessing = 0;
		};
/* End PBXFrameworksBuildPhase section */

/* Begin PBXGroup section */
		6A7C8CE42BA2E5AE00B2872B = {
			isa = PBXGroup;
			children = (
				6A7C8CEF2BA2E5AF00B2872B /* Animation01 */,
				6A7C8D002BA2E5B000B2872B /* Animation01Tests */,
				6A7C8D0A2BA2E5B000B2872B /* Animation01UITests */,
				6A7C8CEE2BA2E5AF00B2872B /* Products */,
			);
			sourceTree = "<group>";
		};
		6A7C8CEE2BA2E5AF00B2872B /* Products */ = {
			isa = PBXGroup;
			children = (
				6A7C8CED2BA2E5AF00B2872B /* Animation01.app */,
				6A7C8CFD2BA2E5B000B2872B /* Animation01Tests.xctest */,
				6A7C8D072BA2E5B000B2872B /* Animation01UITests.xctest */,
			);
			name = Products;
			sourceTree = "<group>";
		};
		6A7C8CEF2BA2E5AF00B2872B /* Animation01 */ = {
			isa = PBXGroup;
			children = (
				6AF335A92BA4290A00DB5C6A /* Draw */,
				6A7C8D382BA2EDD600B2872B /* Story */,
				6A7C8D2E2BA2EBC800B2872B /* Game */,
				6A7C8D262BA2EB0E00B2872B /* Card */,
				6A7C8CF02BA2E5AF00B2872B /* Animation01App.swift */,
				6A7C8CF22BA2E5AF00B2872B /* ContentView.swift */,
				6A7C8CF42BA2E5B000B2872B /* Assets.xcassets */,
				6A7C8CF62BA2E5B000B2872B /* Preview Content */,
				6A7C8D1A2BA2E66400B2872B /* LaunchScreen.swift */,
			);
			path = Animation01;
			sourceTree = "<group>";
		};
		6A7C8CF62BA2E5B000B2872B /* Preview Content */ = {
			isa = PBXGroup;
			children = (
				6A7C8CF72BA2E5B000B2872B /* Preview Assets.xcassets */,
			);
			path = "Preview Content";
			sourceTree = "<group>";
		};
		6A7C8D002BA2E5B000B2872B /* Animation01Tests */ = {
			isa = PBXGroup;
			children = (
				6A7C8D012BA2E5B000B2872B /* Animation01Tests.swift */,
			);
			path = Animation01Tests;
			sourceTree = "<group>";
		};
		6A7C8D0A2BA2E5B000B2872B /* Animation01UITests */ = {
			isa = PBXGroup;
			children = (
				6A7C8D0B2BA2E5B000B2872B /* Animation01UITests.swift */,
				6A7C8D0D2BA2E5B000B2872B /* Animation01UITestsLaunchTests.swift */,
			);
			path = Animation01UITests;
			sourceTree = "<group>";
		};
		6A7C8D262BA2EB0E00B2872B /* Card */ = {
			isa = PBXGroup;
			children = (
				6A7C8D272BA2EB0E00B2872B /* CardView.swift */,
			);
			path = Card;
			sourceTree = "<group>";
		};
		6A7C8D282BA2EB0E00B2872B /* Scene */ = {
			isa = PBXGroup;
			children = (
				6A7C8D292BA2EB0E00B2872B /* Background.sks */,
				6A7C8D2A2BA2EB0E00B2872B /* BackgroundScene.swift */,
			);
			path = Scene;
			sourceTree = "<group>";
		};
		6A7C8D2E2BA2EBC800B2872B /* Game */ = {
			isa = PBXGroup;
			children = (
				6A7C8D312BA2EBC800B2872B /* Scene */,
				6A7C8D362BA2EBDA00B2872B /* GameView.swift */,
			);
			path = Game;
			sourceTree = "<group>";
		};
		6A7C8D312BA2EBC800B2872B /* Scene */ = {
			isa = PBXGroup;
			children = (
				6A7C8D322BA2EBC800B2872B /* GameScene.swift */,
			);
			path = Scene;
			sourceTree = "<group>";
		};
		6A7C8D382BA2EDD600B2872B /* Story */ = {
			isa = PBXGroup;
			children = (
				6A7C8D392BA2EE0000B2872B /* StoryView.swift */,
			);
			path = Story;
			sourceTree = "<group>";
		};
		6AF335A92BA4290A00DB5C6A /* Draw */ = {
			isa = PBXGroup;
			children = (
				6AF335AA2BA4291700DB5C6A /* CanvasView.swift */,
				6AF335AC2BA4295F00DB5C6A /* DrawCatView.swift */,
				6A7C8D282BA2EB0E00B2872B /* Scene */,
			);
			path = Draw;
			sourceTree = "<group>";
		};
/* End PBXGroup section */

/* Begin PBXNativeTarget section */
		6A7C8CEC2BA2E5AF00B2872B /* Animation01 */ = {
			isa = PBXNativeTarget;
			buildConfigurationList = 6A7C8D112BA2E5B000B2872B /* Build configuration list for PBXNativeTarget "Animation01" */;
			buildPhases = (
				6A7C8CE92BA2E5AF00B2872B /* Sources */,
				6A7C8CEA2BA2E5AF00B2872B /* Frameworks */,
				6A7C8CEB2BA2E5AF00B2872B /* Resources */,
			);
			buildRules = (
			);
			dependencies = (
			);
			name = Animation01;
			productName = Animation01;
			productReference = 6A7C8CED2BA2E5AF00B2872B /* Animation01.app */;
			productType = "com.apple.product-type.application";
		};
		6A7C8CFC2BA2E5B000B2872B /* Animation01Tests */ = {
			isa = PBXNativeTarget;
			buildConfigurationList = 6A7C8D142BA2E5B000B2872B /* Build configuration list for PBXNativeTarget "Animation01Tests" */;
			buildPhases = (
				6A7C8CF92BA2E5B000B2872B /* Sources */,
				6A7C8CFA2BA2E5B000B2872B /* Frameworks */,
				6A7C8CFB2BA2E5B000B2872B /* Resources */,
			);
			buildRules = (
			);
			dependencies = (
				6A7C8CFF2BA2E5B000B2872B /* PBXTargetDependency */,
			);
			name = Animation01Tests;
			productName = Animation01Tests;
			productReference = 6A7C8CFD2BA2E5B000B2872B /* Animation01Tests.xctest */;
			productType = "com.apple.product-type.bundle.unit-test";
		};
		6A7C8D062BA2E5B000B2872B /* Animation01UITests */ = {
			isa = PBXNativeTarget;
			buildConfigurationList = 6A7C8D172BA2E5B000B2872B /* Build configuration list for PBXNativeTarget "Animation01UITests" */;
			buildPhases = (
				6A7C8D032BA2E5B000B2872B /* Sources */,
				6A7C8D042BA2E5B000B2872B /* Frameworks */,
				6A7C8D052BA2E5B000B2872B /* Resources */,
			);
			buildRules = (
			);
			dependencies = (
				6A7C8D092BA2E5B000B2872B /* PBXTargetDependency */,
			);
			name = Animation01UITests;
			productName = Animation01UITests;
			productReference = 6A7C8D072BA2E5B000B2872B /* Animation01UITests.xctest */;
			productType = "com.apple.product-type.bundle.ui-testing";
		};
/* End PBXNativeTarget section */

/* Begin PBXProject section */
		6A7C8CE52BA2E5AE00B2872B /* Project object */ = {
			isa = PBXProject;
			attributes = {
				BuildIndependentTargetsInParallel = 1;
				LastSwiftUpdateCheck = 1500;
				LastUpgradeCheck = 1500;
				TargetAttributes = {
					6A7C8CEC2BA2E5AF00B2872B = {
						CreatedOnToolsVersion = 15.0;
					};
					6A7C8CFC2BA2E5B000B2872B = {
						CreatedOnToolsVersion = 15.0;
						TestTargetID = 6A7C8CEC2BA2E5AF00B2872B;
					};
					6A7C8D062BA2E5B000B2872B = {
						CreatedOnToolsVersion = 15.0;
						TestTargetID = 6A7C8CEC2BA2E5AF00B2872B;
					};
				};
			};
			buildConfigurationList = 6A7C8CE82BA2E5AE00B2872B /* Build configuration list for PBXProject "Animation01" */;
			compatibilityVersion = "Xcode 14.0";
			developmentRegion = en;
			hasScannedForEncodings = 0;
			knownRegions = (
				en,
				Base,
			);
			mainGroup = 6A7C8CE42BA2E5AE00B2872B;
			productRefGroup = 6A7C8CEE2BA2E5AF00B2872B /* Products */;
			projectDirPath = "";
			projectRoot = "";
			targets = (
				6A7C8CEC2BA2E5AF00B2872B /* Animation01 */,
				6A7C8CFC2BA2E5B000B2872B /* Animation01Tests */,
				6A7C8D062BA2E5B000B2872B /* Animation01UITests */,
			);
		};
/* End PBXProject section */

/* Begin PBXResourcesBuildPhase section */
		6A7C8CEB2BA2E5AF00B2872B /* Resources */ = {
			isa = PBXResourcesBuildPhase;
			buildActionMask = 2147483647;
			files = (
				6A7C8D2C2BA2EB0E00B2872B /* Background.sks in Resources */,
				6A7C8CF82BA2E5B000B2872B /* Preview Assets.xcassets in Resources */,
				6A7C8CF52BA2E5B000B2872B /* Assets.xcassets in Resources */,
			);
			runOnlyForDeploymentPostprocessing = 0;
		};
		6A7C8CFB2BA2E5B000B2872B /* Resources */ = {
			isa = PBXResourcesBuildPhase;
			buildActionMask = 2147483647;
			files = (
			);
			runOnlyForDeploymentPostprocessing = 0;
		};
		6A7C8D052BA2E5B000B2872B /* Resources */ = {
			isa = PBXResourcesBuildPhase;
			buildActionMask = 2147483647;
			files = (
			);
			runOnlyForDeploymentPostprocessing = 0;
		};
/* End PBXResourcesBuildPhase section */

/* Begin PBXSourcesBuildPhase section */
		6A7C8CE92BA2E5AF00B2872B /* Sources */ = {
			isa = PBXSourcesBuildPhase;
			buildActionMask = 2147483647;
			files = (
				6A7C8CF32BA2E5AF00B2872B /* ContentView.swift in Sources */,
				6A7C8CF12BA2E5AF00B2872B /* Animation01App.swift in Sources */,
				6A7C8D2B2BA2EB0E00B2872B /* CardView.swift in Sources */,
				6AF335AD2BA4295F00DB5C6A /* DrawCatView.swift in Sources */,
				6A7C8D1B2BA2E66400B2872B /* LaunchScreen.swift in Sources */,
				6A7C8D352BA2EBC800B2872B /* GameScene.swift in Sources */,
				6AF335AB2BA4291700DB5C6A /* CanvasView.swift in Sources */,
				6A7C8D2D2BA2EB0E00B2872B /* BackgroundScene.swift in Sources */,
				6A7C8D372BA2EBDA00B2872B /* GameView.swift in Sources */,
				6A7C8D3A2BA2EE0000B2872B /* StoryView.swift in Sources */,
			);
			runOnlyForDeploymentPostprocessing = 0;
		};
		6A7C8CF92BA2E5B000B2872B /* Sources */ = {
			isa = PBXSourcesBuildPhase;
			buildActionMask = 2147483647;
			files = (
				6A7C8D022BA2E5B000B2872B /* Animation01Tests.swift in Sources */,
			);
			runOnlyForDeploymentPostprocessing = 0;
		};
		6A7C8D032BA2E5B000B2872B /* Sources */ = {
			isa = PBXSourcesBuildPhase;
			buildActionMask = 2147483647;
			files = (
				6A7C8D0E2BA2E5B000B2872B /* Animation01UITestsLaunchTests.swift in Sources */,
				6A7C8D0C2BA2E5B000B2872B /* Animation01UITests.swift in Sources */,
			);
			runOnlyForDeploymentPostprocessing = 0;
		};
/* End PBXSourcesBuildPhase section */

/* Begin PBXTargetDependency section */
		6A7C8CFF2BA2E5B000B2872B /* PBXTargetDependency */ = {
			isa = PBXTargetDependency;
			target = 6A7C8CEC2BA2E5AF00B2872B /* Animation01 */;
			targetProxy = 6A7C8CFE2BA2E5B000B2872B /* PBXContainerItemProxy */;
		};
		6A7C8D092BA2E5B000B2872B /* PBXTargetDependency */ = {
			isa = PBXTargetDependency;
			target = 6A7C8CEC2BA2E5AF00B2872B /* Animation01 */;
			targetProxy = 6A7C8D082BA2E5B000B2872B /* PBXContainerItemProxy */;
		};
/* End PBXTargetDependency section */

/* Begin XCBuildConfiguration section */
		6A7C8D0F2BA2E5B000B2872B /* Debug */ = {
			isa = XCBuildConfiguration;
			buildSettings = {
				ALWAYS_SEARCH_USER_PATHS = NO;
				ASSETCATALOG_COMPILER_GENERATE_SWIFT_ASSET_SYMBOL_EXTENSIONS = YES;
				CLANG_ANALYZER_NONNULL = YES;
				CLANG_ANALYZER_NUMBER_OBJECT_CONVERSION = YES_AGGRESSIVE;
				CLANG_CXX_LANGUAGE_STANDARD = "gnu++20";
				CLANG_ENABLE_MODULES = YES;
				CLANG_ENABLE_OBJC_ARC = YES;
				CLANG_ENABLE_OBJC_WEAK = YES;
				CLANG_WARN_BLOCK_CAPTURE_AUTORELEASING = YES;
				CLANG_WARN_BOOL_CONVERSION = YES;
				CLANG_WARN_COMMA = YES;
				CLANG_WARN_CONSTANT_CONVERSION = YES;
				CLANG_WARN_DEPRECATED_OBJC_IMPLEMENTATIONS = YES;
				CLANG_WARN_DIRECT_OBJC_ISA_USAGE = YES_ERROR;
				CLANG_WARN_DOCUMENTATION_COMMENTS = YES;
				CLANG_WARN_EMPTY_BODY = YES;
				CLANG_WARN_ENUM_CONVERSION = YES;
				CLANG_WARN_INFINITE_RECURSION = YES;
				CLANG_WARN_INT_CONVERSION = YES;
				CLANG_WARN_NON_LITERAL_NULL_CONVERSION = YES;
				CLANG_WARN_OBJC_IMPLICIT_RETAIN_SELF = YES;
				CLANG_WARN_OBJC_LITERAL_CONVERSION = YES;
				CLANG_WARN_OBJC_ROOT_CLASS = YES_ERROR;
				CLANG_WARN_QUOTED_INCLUDE_IN_FRAMEWORK_HEADER = YES;
				CLANG_WARN_RANGE_LOOP_ANALYSIS = YES;
				CLANG_WARN_STRICT_PROTOTYPES = YES;
				CLANG_WARN_SUSPICIOUS_MOVE = YES;
				CLANG_WARN_UNGUARDED_AVAILABILITY = YES_AGGRESSIVE;
				CLANG_WARN_UNREACHABLE_CODE = YES;
				CLANG_WARN__DUPLICATE_METHOD_MATCH = YES;
				COPY_PHASE_STRIP = NO;
				DEBUG_INFORMATION_FORMAT = dwarf;
				ENABLE_STRICT_OBJC_MSGSEND = YES;
				ENABLE_TESTABILITY = YES;
				ENABLE_USER_SCRIPT_SANDBOXING = YES;
				GCC_C_LANGUAGE_STANDARD = gnu17;
				GCC_DYNAMIC_NO_PIC = NO;
				GCC_NO_COMMON_BLOCKS = YES;
				GCC_OPTIMIZATION_LEVEL = 0;
				GCC_PREPROCESSOR_DEFINITIONS = (
					"DEBUG=1",
					"$(inherited)",
				);
				GCC_WARN_64_TO_32_BIT_CONVERSION = YES;
				GCC_WARN_ABOUT_RETURN_TYPE = YES_ERROR;
				GCC_WARN_UNDECLARED_SELECTOR = YES;
				GCC_WARN_UNINITIALIZED_AUTOS = YES_AGGRESSIVE;
				GCC_WARN_UNUSED_FUNCTION = YES;
				GCC_WARN_UNUSED_VARIABLE = YES;
				IPHONEOS_DEPLOYMENT_TARGET = 17.0;
				LOCALIZATION_PREFERS_STRING_CATALOGS = YES;
				MTL_ENABLE_DEBUG_INFO = INCLUDE_SOURCE;
				MTL_FAST_MATH = YES;
				ONLY_ACTIVE_ARCH = YES;
				SDKROOT = iphoneos;
				SWIFT_ACTIVE_COMPILATION_CONDITIONS = "DEBUG $(inherited)";
				SWIFT_OPTIMIZATION_LEVEL = "-Onone";
			};
			name = Debug;
		};
		6A7C8D102BA2E5B000B2872B /* Release */ = {
			isa = XCBuildConfiguration;
			buildSettings = {
				ALWAYS_SEARCH_USER_PATHS = NO;
				ASSETCATALOG_COMPILER_GENERATE_SWIFT_ASSET_SYMBOL_EXTENSIONS = YES;
				CLANG_ANALYZER_NONNULL = YES;
				CLANG_ANALYZER_NUMBER_OBJECT_CONVERSION = YES_AGGRESSIVE;
				CLANG_CXX_LANGUAGE_STANDARD = "gnu++20";
				CLANG_ENABLE_MODULES = YES;
				CLANG_ENABLE_OBJC_ARC = YES;
				CLANG_ENABLE_OBJC_WEAK = YES;
				CLANG_WARN_BLOCK_CAPTURE_AUTORELEASING = YES;
				CLANG_WARN_BOOL_CONVERSION = YES;
				CLANG_WARN_COMMA = YES;
				CLANG_WARN_CONSTANT_CONVERSION = YES;
				CLANG_WARN_DEPRECATED_OBJC_IMPLEMENTATIONS = YES;
				CLANG_WARN_DIRECT_OBJC_ISA_USAGE = YES_ERROR;
				CLANG_WARN_DOCUMENTATION_COMMENTS = YES;
				CLANG_WARN_EMPTY_BODY = YES;
				CLANG_WARN_ENUM_CONVERSION = YES;
				CLANG_WARN_INFINITE_RECURSION = YES;
				CLANG_WARN_INT_CONVERSION = YES;
				CLANG_WARN_NON_LITERAL_NULL_CONVERSION = YES;
				CLANG_WARN_OBJC_IMPLICIT_RETAIN_SELF = YES;
				CLANG_WARN_OBJC_LITERAL_CONVERSION = YES;
				CLANG_WARN_OBJC_ROOT_CLASS = YES_ERROR;
				CLANG_WARN_QUOTED_INCLUDE_IN_FRAMEWORK_HEADER = YES;
				CLANG_WARN_RANGE_LOOP_ANALYSIS = YES;
				CLANG_WARN_STRICT_PROTOTYPES = YES;
				CLANG_WARN_SUSPICIOUS_MOVE = YES;
				CLANG_WARN_UNGUARDED_AVAILABILITY = YES_AGGRESSIVE;
				CLANG_WARN_UNREACHABLE_CODE = YES;
				CLANG_WARN__DUPLICATE_METHOD_MATCH = YES;
				COPY_PHASE_STRIP = NO;
				DEBUG_INFORMATION_FORMAT = "dwarf-with-dsym";
				ENABLE_NS_ASSERTIONS = NO;
				ENABLE_STRICT_OBJC_MSGSEND = YES;
				ENABLE_USER_SCRIPT_SANDBOXING = YES;
				GCC_C_LANGUAGE_STANDARD = gnu17;
				GCC_NO_COMMON_BLOCKS = YES;
				GCC_WARN_64_TO_32_BIT_CONVERSION = YES;
				GCC_WARN_ABOUT_RETURN_TYPE = YES_ERROR;
				GCC_WARN_UNDECLARED_SELECTOR = YES;
				GCC_WARN_UNINITIALIZED_AUTOS = YES_AGGRESSIVE;
				GCC_WARN_UNUSED_FUNCTION = YES;
				GCC_WARN_UNUSED_VARIABLE = YES;
				IPHONEOS_DEPLOYMENT_TARGET = 17.0;
				LOCALIZATION_PREFERS_STRING_CATALOGS = YES;
				MTL_ENABLE_DEBUG_INFO = NO;
				MTL_FAST_MATH = YES;
				SDKROOT = iphoneos;
				SWIFT_COMPILATION_MODE = wholemodule;
				VALIDATE_PRODUCT = YES;
			};
			name = Release;
		};
		6A7C8D122BA2E5B000B2872B /* Debug */ = {
			isa = XCBuildConfiguration;
			buildSettings = {
				ASSETCATALOG_COMPILER_APPICON_NAME = AppIcon;
				ASSETCATALOG_COMPILER_GLOBAL_ACCENT_COLOR_NAME = AccentColor;
				CODE_SIGN_STYLE = Automatic;
				CURRENT_PROJECT_VERSION = 1;
				DEVELOPMENT_ASSET_PATHS = "\"Animation01/Preview Content\"";
				ENABLE_PREVIEWS = YES;
				GENERATE_INFOPLIST_FILE = YES;
				INFOPLIST_KEY_UIApplicationSceneManifest_Generation = YES;
				INFOPLIST_KEY_UIApplicationSupportsIndirectInputEvents = YES;
				INFOPLIST_KEY_UILaunchScreen_Generation = YES;
				INFOPLIST_KEY_UISupportedInterfaceOrientations_iPad = "UIInterfaceOrientationPortrait UIInterfaceOrientationPortraitUpsideDown UIInterfaceOrientationLandscapeLeft UIInterfaceOrientationLandscapeRight";
				INFOPLIST_KEY_UISupportedInterfaceOrientations_iPhone = "UIInterfaceOrientationPortrait UIInterfaceOrientationLandscapeLeft UIInterfaceOrientationLandscapeRight";
				LD_RUNPATH_SEARCH_PATHS = (
					"$(inherited)",
					"@executable_path/Frameworks",
				);
				MARKETING_VERSION = 1.0;
				PRODUCT_BUNDLE_IDENTIFIER = com.hantm.nta.Animation01;
				PRODUCT_NAME = "$(TARGET_NAME)";
				SWIFT_EMIT_LOC_STRINGS = YES;
				SWIFT_VERSION = 5.0;
				TARGETED_DEVICE_FAMILY = "1,2";
			};
			name = Debug;
		};
		6A7C8D132BA2E5B000B2872B /* Release */ = {
			isa = XCBuildConfiguration;
			buildSettings = {
				ASSETCATALOG_COMPILER_APPICON_NAME = AppIcon;
				ASSETCATALOG_COMPILER_GLOBAL_ACCENT_COLOR_NAME = AccentColor;
				CODE_SIGN_STYLE = Automatic;
				CURRENT_PROJECT_VERSION = 1;
				DEVELOPMENT_ASSET_PATHS = "\"Animation01/Preview Content\"";
				ENABLE_PREVIEWS = YES;
				GENERATE_INFOPLIST_FILE = YES;
				INFOPLIST_KEY_UIApplicationSceneManifest_Generation = YES;
				INFOPLIST_KEY_UIApplicationSupportsIndirectInputEvents = YES;
				INFOPLIST_KEY_UILaunchScreen_Generation = YES;
				INFOPLIST_KEY_UISupportedInterfaceOrientations_iPad = "UIInterfaceOrientationPortrait UIInterfaceOrientationPortraitUpsideDown UIInterfaceOrientationLandscapeLeft UIInterfaceOrientationLandscapeRight";
				INFOPLIST_KEY_UISupportedInterfaceOrientations_iPhone = "UIInterfaceOrientationPortrait UIInterfaceOrientationLandscapeLeft UIInterfaceOrientationLandscapeRight";
				LD_RUNPATH_SEARCH_PATHS = (
					"$(inherited)",
					"@executable_path/Frameworks",
				);
				MARKETING_VERSION = 1.0;
				PRODUCT_BUNDLE_IDENTIFIER = com.hantm.nta.Animation01;
				PRODUCT_NAME = "$(TARGET_NAME)";
				SWIFT_EMIT_LOC_STRINGS = YES;
				SWIFT_VERSION = 5.0;
				TARGETED_DEVICE_FAMILY = "1,2";
			};
			name = Release;
		};
		6A7C8D152BA2E5B000B2872B /* Debug */ = {
			isa = XCBuildConfiguration;
			buildSettings = {
				ALWAYS_EMBED_SWIFT_STANDARD_LIBRARIES = YES;
				BUNDLE_LOADER = "$(TEST_HOST)";
				CODE_SIGN_STYLE = Automatic;
				CURRENT_PROJECT_VERSION = 1;
				GENERATE_INFOPLIST_FILE = YES;
				IPHONEOS_DEPLOYMENT_TARGET = 17.0;
				MARKETING_VERSION = 1.0;
				PRODUCT_BUNDLE_IDENTIFIER = com.hantm.nta.Animation01Tests;
				PRODUCT_NAME = "$(TARGET_NAME)";
				SWIFT_EMIT_LOC_STRINGS = NO;
				SWIFT_VERSION = 5.0;
				TARGETED_DEVICE_FAMILY = "1,2";
				TEST_HOST = "$(BUILT_PRODUCTS_DIR)/Animation01.app/$(BUNDLE_EXECUTABLE_FOLDER_PATH)/Animation01";
			};
			name = Debug;
		};
		6A7C8D162BA2E5B000B2872B /* Release */ = {
			isa = XCBuildConfiguration;
			buildSettings = {
				ALWAYS_EMBED_SWIFT_STANDARD_LIBRARIES = YES;
				BUNDLE_LOADER = "$(TEST_HOST)";
				CODE_SIGN_STYLE = Automatic;
				CURRENT_PROJECT_VERSION = 1;
				GENERATE_INFOPLIST_FILE = YES;
				IPHONEOS_DEPLOYMENT_TARGET = 17.0;
				MARKETING_VERSION = 1.0;
				PRODUCT_BUNDLE_IDENTIFIER = com.hantm.nta.Animation01Tests;
				PRODUCT_NAME = "$(TARGET_NAME)";
				SWIFT_EMIT_LOC_STRINGS = NO;
				SWIFT_VERSION = 5.0;
				TARGETED_DEVICE_FAMILY = "1,2";
				TEST_HOST = "$(BUILT_PRODUCTS_DIR)/Animation01.app/$(BUNDLE_EXECUTABLE_FOLDER_PATH)/Animation01";
			};
			name = Release;
		};
		6A7C8D182BA2E5B000B2872B /* Debug */ = {
			isa = XCBuildConfiguration;
			buildSettings = {
				ALWAYS_EMBED_SWIFT_STANDARD_LIBRARIES = YES;
				CODE_SIGN_STYLE = Automatic;
				CURRENT_PROJECT_VERSION = 1;
				GENERATE_INFOPLIST_FILE = YES;
				MARKETING_VERSION = 1.0;
				PRODUCT_BUNDLE_IDENTIFIER = com.hantm.nta.Animation01UITests;
				PRODUCT_NAME = "$(TARGET_NAME)";
				SWIFT_EMIT_LOC_STRINGS = NO;
				SWIFT_VERSION = 5.0;
				TARGETED_DEVICE_FAMILY = "1,2";
				TEST_TARGET_NAME = Animation01;
			};
			name = Debug;
		};
		6A7C8D192BA2E5B000B2872B /* Release */ = {
			isa = XCBuildConfiguration;
			buildSettings = {
				ALWAYS_EMBED_SWIFT_STANDARD_LIBRARIES = YES;
				CODE_SIGN_STYLE = Automatic;
				CURRENT_PROJECT_VERSION = 1;
				GENERATE_INFOPLIST_FILE = YES;
				MARKETING_VERSION = 1.0;
				PRODUCT_BUNDLE_IDENTIFIER = com.hantm.nta.Animation01UITests;
				PRODUCT_NAME = "$(TARGET_NAME)";
				SWIFT_EMIT_LOC_STRINGS = NO;
				SWIFT_VERSION = 5.0;
				TARGETED_DEVICE_FAMILY = "1,2";
				TEST_TARGET_NAME = Animation01;
			};
			name = Release;
		};
/* End XCBuildConfiguration section */

/* Begin XCConfigurationList section */
		6A7C8CE82BA2E5AE00B2872B /* Build configuration list for PBXProject "Animation01" */ = {
			isa = XCConfigurationList;
			buildConfigurations = (
				6A7C8D0F2BA2E5B000B2872B /* Debug */,
				6A7C8D102BA2E5B000B2872B /* Release */,
			);
			defaultConfigurationIsVisible = 0;
			defaultConfigurationName = Release;
		};
		6A7C8D112BA2E5B000B2872B /* Build configuration list for PBXNativeTarget "Animation01" */ = {
			isa = XCConfigurationList;
			buildConfigurations = (
				6A7C8D122BA2E5B000B2872B /* Debug */,
				6A7C8D132BA2E5B000B2872B /* Release */,
			);
			defaultConfigurationIsVisible = 0;
			defaultConfigurationName = Release;
		};
		6A7C8D142BA2E5B000B2872B /* Build configuration list for PBXNativeTarget "Animation01Tests" */ = {
			isa = XCConfigurationList;
			buildConfigurations = (
				6A7C8D152BA2E5B000B2872B /* Debug */,
				6A7C8D162BA2E5B000B2872B /* Release */,
			);
			defaultConfigurationIsVisible = 0;
			defaultConfigurationName = Release;
		};
		6A7C8D172BA2E5B000B2872B /* Build configuration list for PBXNativeTarget "Animation01UITests" */ = {
			isa = XCConfigurationList;
			buildConfigurations = (
				6A7C8D182BA2E5B000B2872B /* Debug */,
				6A7C8D192BA2E5B000B2872B /* Release */,
			);
			defaultConfigurationIsVisible = 0;
			defaultConfigurationName = Release;
		};
/* End XCConfigurationList section */
	};
	rootObject = 6A7C8CE52BA2E5AE00B2872B /* Project object */;
}
